
Microsoft Visual Studio Solution File, Format Version 12.00
# Visual Studio Version 16
VisualStudioVersion = 16.0.30225.117
MinimumVisualStudioVersion = 10.0.40219.1
Project("{2150E333-8FDC-42A3-9474-1A3956D46DE8}") = "src", "src", "{6347A9F0-4A79-4AC3-9306-59EA3AD878F7}"
EndProject
Project("{2150E333-8FDC-42A3-9474-1A3956D46DE8}") = "Catalog", "Catalog", "{5005C547-A3BA-442F-9391-29BAA44EB012}"
EndProject
Project("{FAE04EC0-301F-11D3-BF4B-00C04F79EFBC}") = "Catalog.API", "src\Catalog\Catalog.API\Catalog.API.csproj", "{8CE072A5-43E5-4C67-83C9-A98164DBA3CC}"
EndProject
Global
	GlobalSection(SolutionConfigurationPlatforms) = preSolution
		Debug|Any CPU = Debug|Any CPU
		Release|Any CPU = Release|Any CPU
	EndGlobalSection
	GlobalSection(ProjectConfigurationPlatforms) = postSolution
		{8CE072A5-43E5-4C67-83C9-A98164DBA3CC}.Debug|Any CPU.ActiveCfg = Debug|Any CPU
		{8CE072A5-43E5-4C67-83C9-A98164DBA3CC}.Debug|Any CPU.Build.0 = Debug|Any CPU
		{8CE072A5-43E5-4C67-83C9-A98164DBA3CC}.Release|Any CPU.ActiveCfg = Release|Any CPU
		{8CE072A5-43E5-4C67-83C9-A98164DBA3CC}.Release|Any CPU.Build.0 = Release|Any CPU
	EndGlobalSection
	GlobalSection(SolutionProperties) = preSolution
		HideSolutionNode = FALSE
	EndGlobalSection
	GlobalSection(NestedProjects) = preSolution
		{5005C547-A3BA-442F-9391-29BAA44EB012} = {6347A9F0-4A79-4AC3-9306-59EA3AD878F7}
		{8CE072A5-43E5-4C67-83C9-A98164DBA3CC} = {5005C547-A3BA-442F-9391-29BAA44EB012}
	EndGlobalSection
	GlobalSection(ExtensibilityGlobals) = postSolution
		SolutionGuid = {C9A47209-C505-40DA-9792-40F7074FA375}
	EndGlobalSection
EndGlobal
